
Microsoft Visual Studio Solution File, Format Version 12.00
# Visual Studio Version 16
VisualStudioVersion = 16.0.29905.134
MinimumVisualStudioVersion = 10.0.40219.1
Project("{FAE04EC0-301F-11D3-BF4B-00C04F79EFBC}") = "Palindrome.Library", "Palindrome.Library.csproj", "{89026A01-FC02-424D-8332-4528356606E0}"
EndProject
Global
	GlobalSection(SolutionConfigurationPlatforms) = preSolution
		Debug|Any CPU = Debug|Any CPU
		Release|Any CPU = Release|Any CPU
	EndGlobalSection
	GlobalSection(ProjectConfigurationPlatforms) = postSolution
		{89026A01-FC02-424D-8332-4528356606E0}.Debug|Any CPU.ActiveCfg = Debug|Any CPU
		{89026A01-FC02-424D-8332-4528356606E0}.Debug|Any CPU.Build.0 = Debug|Any CPU
		{89026A01-FC02-424D-8332-4528356606E0}.Release|Any CPU.ActiveCfg = Release|Any CPU
		{89026A01-FC02-424D-8332-4528356606E0}.Release|Any CPU.Build.0 = Release|Any CPU
	EndGlobalSection
	GlobalSection(SolutionProperties) = preSolution
		HideSolutionNode = FALSE
	EndGlobalSection
	GlobalSection(ExtensibilityGlobals) = postSolution
		SolutionGuid = {132ED37A-6059-4EA6-892E-14A508BE191E}
	EndGlobalSection
EndGlobal
